
Microsoft Visual Studio Solution File, Format Version 12.00
# Visual Studio Version 16
VisualStudioVersion = 16.0.30114.105
MinimumVisualStudioVersion = 10.0.40219.1
Project("{FAE04EC0-301F-11D3-BF4B-00C04F79EFBC}") = "Lox", "Lox\Lox.csproj", "{06924861-E36D-49EF-9CEC-9842786866C8}"
EndProject
Project("{FAE04EC0-301F-11D3-BF4B-00C04F79EFBC}") = "Lox.Tools", "Lox.Tools\Lox.Tools.csproj", "{5A3BA2BA-EC0F-4F93-AA7E-6BB42B3FE122}"
EndProject
Global
	GlobalSection(SolutionConfigurationPlatforms) = preSolution
		Debug|Any CPU = Debug|Any CPU
		Release|Any CPU = Release|Any CPU
	EndGlobalSection
	GlobalSection(SolutionProperties) = preSolution
		HideSolutionNode = FALSE
	EndGlobalSection
	GlobalSection(ProjectConfigurationPlatforms) = postSolution
		{06924861-E36D-49EF-9CEC-9842786866C8}.Debug|Any CPU.ActiveCfg = Debug|Any CPU
		{06924861-E36D-49EF-9CEC-9842786866C8}.Debug|Any CPU.Build.0 = Debug|Any CPU
		{06924861-E36D-49EF-9CEC-9842786866C8}.Release|Any CPU.ActiveCfg = Release|Any CPU
		{06924861-E36D-49EF-9CEC-9842786866C8}.Release|Any CPU.Build.0 = Release|Any CPU
		{5A3BA2BA-EC0F-4F93-AA7E-6BB42B3FE122}.Debug|Any CPU.ActiveCfg = Debug|Any CPU
		{5A3BA2BA-EC0F-4F93-AA7E-6BB42B3FE122}.Debug|Any CPU.Build.0 = Debug|Any CPU
		{5A3BA2BA-EC0F-4F93-AA7E-6BB42B3FE122}.Release|Any CPU.ActiveCfg = Release|Any CPU
		{5A3BA2BA-EC0F-4F93-AA7E-6BB42B3FE122}.Release|Any CPU.Build.0 = Release|Any CPU
	EndGlobalSection
EndGlobal
